
Microsoft Visual Studio Solution File, Format Version 12.00
# Visual Studio Version 17
VisualStudioVersion = 17.5.33627.172
MinimumVisualStudioVersion = 10.0.40219.1
Project("{2150E333-8FDC-42A3-9474-1A3956D46DE8}") = "01.X.WebApi", "01.X.WebApi", "{7C693165-6530-4B85-9C09-2F57B1D58B75}"
EndProject
Project("{2150E333-8FDC-42A3-9474-1A3956D46DE8}") = "02.X.Manager", "02.X.Manager", "{52C54BC0-E2FE-42FE-9B84-F9C5D9570E46}"
EndProject
Project("{2150E333-8FDC-42A3-9474-1A3956D46DE8}") = "03.X.Data", "03.X.Data", "{0FA9F1ED-7AA7-4441-BE6A-917941354D1D}"
EndProject
Project("{2150E333-8FDC-42A3-9474-1A3956D46DE8}") = "04.X.Core", "04.X.Core", "{5B0EF189-79AC-4AEB-83A9-ABABB4EEAD5E}"
EndProject
Project("{2150E333-8FDC-42A3-9474-1A3956D46DE8}") = "05.XTeste", "05.XTeste", "{0C7A755F-3F64-4147-85EA-893BFB812689}"
EndProject
Project("{9A19103F-16F7-4668-BE54-9A1E7A4F7556}") = "X.Manager", "X.Manager\X.Manager.csproj", "{4DCD4CB3-55C5-4DF3-AD8E-B56668CA9182}"
EndProject
Project("{9A19103F-16F7-4668-BE54-9A1E7A4F7556}") = "X.Data", "X.Data\X.Data.csproj", "{AD06674F-A256-4D6F-9F57-D7396A45C2E6}"
EndProject
Project("{9A19103F-16F7-4668-BE54-9A1E7A4F7556}") = "X.Core", "X.Core\X.Core.csproj", "{F56AAB74-E2C0-46B7-96DE-C01177EF5BCB}"
EndProject
Project("{9A19103F-16F7-4668-BE54-9A1E7A4F7556}") = "X.Teste", "X.Teste\X.Teste.csproj", "{2B7BCCDE-B471-42A8-A6ED-E2DE3A264BC3}"
EndProject
Project("{FAE04EC0-301F-11D3-BF4B-00C04F79EFBC}") = "X.WebApi", "X.WebApi\X.WebApi\X.WebApi.csproj", "{9C70482F-7DDD-40CB-87A8-75026EE90C9F}"
EndProject
Global
	GlobalSection(SolutionConfigurationPlatforms) = preSolution
		Debug|Any CPU = Debug|Any CPU
		Release|Any CPU = Release|Any CPU
	EndGlobalSection
	GlobalSection(ProjectConfigurationPlatforms) = postSolution
		{4DCD4CB3-55C5-4DF3-AD8E-B56668CA9182}.Debug|Any CPU.ActiveCfg = Debug|Any CPU
		{4DCD4CB3-55C5-4DF3-AD8E-B56668CA9182}.Debug|Any CPU.Build.0 = Debug|Any CPU
		{4DCD4CB3-55C5-4DF3-AD8E-B56668CA9182}.Release|Any CPU.ActiveCfg = Release|Any CPU
		{4DCD4CB3-55C5-4DF3-AD8E-B56668CA9182}.Release|Any CPU.Build.0 = Release|Any CPU
		{AD06674F-A256-4D6F-9F57-D7396A45C2E6}.Debug|Any CPU.ActiveCfg = Debug|Any CPU
		{AD06674F-A256-4D6F-9F57-D7396A45C2E6}.Debug|Any CPU.Build.0 = Debug|Any CPU
		{AD06674F-A256-4D6F-9F57-D7396A45C2E6}.Release|Any CPU.ActiveCfg = Release|Any CPU
		{AD06674F-A256-4D6F-9F57-D7396A45C2E6}.Release|Any CPU.Build.0 = Release|Any CPU
		{F56AAB74-E2C0-46B7-96DE-C01177EF5BCB}.Debug|Any CPU.ActiveCfg = Debug|Any CPU
		{F56AAB74-E2C0-46B7-96DE-C01177EF5BCB}.Debug|Any CPU.Build.0 = Debug|Any CPU
		{F56AAB74-E2C0-46B7-96DE-C01177EF5BCB}.Release|Any CPU.ActiveCfg = Release|Any CPU
		{F56AAB74-E2C0-46B7-96DE-C01177EF5BCB}.Release|Any CPU.Build.0 = Release|Any CPU
		{2B7BCCDE-B471-42A8-A6ED-E2DE3A264BC3}.Debug|Any CPU.ActiveCfg = Debug|Any CPU
		{2B7BCCDE-B471-42A8-A6ED-E2DE3A264BC3}.Debug|Any CPU.Build.0 = Debug|Any CPU
		{2B7BCCDE-B471-42A8-A6ED-E2DE3A264BC3}.Release|Any CPU.ActiveCfg = Release|Any CPU
		{2B7BCCDE-B471-42A8-A6ED-E2DE3A264BC3}.Release|Any CPU.Build.0 = Release|Any CPU
		{9C70482F-7DDD-40CB-87A8-75026EE90C9F}.Debug|Any CPU.ActiveCfg = Debug|Any CPU
		{9C70482F-7DDD-40CB-87A8-75026EE90C9F}.Debug|Any CPU.Build.0 = Debug|Any CPU
		{9C70482F-7DDD-40CB-87A8-75026EE90C9F}.Release|Any CPU.ActiveCfg = Release|Any CPU
		{9C70482F-7DDD-40CB-87A8-75026EE90C9F}.Release|Any CPU.Build.0 = Release|Any CPU
	EndGlobalSection
	GlobalSection(SolutionProperties) = preSolution
		HideSolutionNode = FALSE
	EndGlobalSection
	GlobalSection(NestedProjects) = preSolution
		{4DCD4CB3-55C5-4DF3-AD8E-B56668CA9182} = {52C54BC0-E2FE-42FE-9B84-F9C5D9570E46}
		{AD06674F-A256-4D6F-9F57-D7396A45C2E6} = {0FA9F1ED-7AA7-4441-BE6A-917941354D1D}
		{F56AAB74-E2C0-46B7-96DE-C01177EF5BCB} = {5B0EF189-79AC-4AEB-83A9-ABABB4EEAD5E}
		{2B7BCCDE-B471-42A8-A6ED-E2DE3A264BC3} = {0C7A755F-3F64-4147-85EA-893BFB812689}
		{9C70482F-7DDD-40CB-87A8-75026EE90C9F} = {7C693165-6530-4B85-9C09-2F57B1D58B75}
	EndGlobalSection
	GlobalSection(ExtensibilityGlobals) = postSolution
		SolutionGuid = {78E1F5B4-8602-43E7-8217-91AAF5785151}
	EndGlobalSection
EndGlobal
